{
  "name": "nodejs",
  "version": "1.0.0",
  "lockfileVersion": 3,
  "requires": true,
  "packages": {
    "": {
      "name": "nodejs",
      "version": "1.0.0",
      "license": "ISC",
      "dependencies": {
        "random-fruits-name": "^1.10.1",
        "song-object-generator": "^0.0.4"
      }
    },
    "node_modules/faker": {
      "version": "4.1.0",
      "resolved": "https://registry.npmjs.org/faker/-/faker-4.1.0.tgz",
      "integrity": "sha512-ILKg69P6y/D8/wSmDXw35Ly0re8QzQ8pMfBCflsGiZG2ZjMUNLYNexA6lz5pkmJlepVdsiDFUxYAzPQ9/+iGLA==",
      "license": "MIT"
    },
    "node_modules/random-fruits-name": {
      "version": "1.10.1",
      "resolved": "https://registry.npmjs.org/random-fruits-name/-/random-fruits-name-1.10.1.tgz",
      "integrity": "sha512-IDOKbtmTRoMoCZ+V5tP6u24wdKcQg5ffYKrfrGL6EXOSajSsjHCGvsHG1DPlKEv6SAMG0tz/RfV3at7Kd1pspw==",
      "license": "MIT"
    },
    "node_modules/song-object-generator": {
      "version": "0.0.4",
      "resolved": "https://registry.npmjs.org/song-object-generator/-/song-object-generator-0.0.4.tgz",
      "integrity": "sha512-eWMV1sP8JqSE3kLI+DZcnRgEp6zn8ghwynGA1Xn4xhH/Gmbl3K2c56WvW02aGvwXOvqOaG1FZbX6A8REX6TuMg==",
      "license": "ISC",
      "dependencies": {
        "faker": "^4.1.0"
      }
    }
  }
}
